
Microsoft Visual Studio Solution File, Format Version 12.00
# Visual Studio Version 17
VisualStudioVersion = 17.10.34916.146
MinimumVisualStudioVersion = 10.0.40219.1
Project("{FAE04EC0-301F-11D3-BF4B-00C04F79EFBC}") = "PixelPerfect.Server", "PixelPerfect.Server\PixelPerfect.Server.csproj", "{10B98B3B-D14D-4B80-9DC2-1E9E29C70CFD}"
EndProject
Project("{54A90642-561A-4BB1-A94E-469ADEE60C69}") = "pixelperfect.client", "pixelperfect.client\pixelperfect.client.esproj", "{9E71BE71-F327-452D-B509-835B7B163091}"
EndProject
Global
	GlobalSection(SolutionConfigurationPlatforms) = preSolution
		Debug|Any CPU = Debug|Any CPU
		Release|Any CPU = Release|Any CPU
	EndGlobalSection
	GlobalSection(ProjectConfigurationPlatforms) = postSolution
		{10B98B3B-D14D-4B80-9DC2-1E9E29C70CFD}.Debug|Any CPU.ActiveCfg = Debug|Any CPU
		{10B98B3B-D14D-4B80-9DC2-1E9E29C70CFD}.Debug|Any CPU.Build.0 = Debug|Any CPU
		{10B98B3B-D14D-4B80-9DC2-1E9E29C70CFD}.Release|Any CPU.ActiveCfg = Release|Any CPU
		{10B98B3B-D14D-4B80-9DC2-1E9E29C70CFD}.Release|Any CPU.Build.0 = Release|Any CPU
		{9E71BE71-F327-452D-B509-835B7B163091}.Debug|Any CPU.ActiveCfg = Debug|Any CPU
		{9E71BE71-F327-452D-B509-835B7B163091}.Debug|Any CPU.Build.0 = Debug|Any CPU
		{9E71BE71-F327-452D-B509-835B7B163091}.Debug|Any CPU.Deploy.0 = Debug|Any CPU
		{9E71BE71-F327-452D-B509-835B7B163091}.Release|Any CPU.ActiveCfg = Release|Any CPU
		{9E71BE71-F327-452D-B509-835B7B163091}.Release|Any CPU.Build.0 = Release|Any CPU
		{9E71BE71-F327-452D-B509-835B7B163091}.Release|Any CPU.Deploy.0 = Release|Any CPU
	EndGlobalSection
	GlobalSection(SolutionProperties) = preSolution
		HideSolutionNode = FALSE
	EndGlobalSection
	GlobalSection(ExtensibilityGlobals) = postSolution
		SolutionGuid = {5D880A6A-CE25-4728-AE7D-BCBE53D6CD8A}
	EndGlobalSection
EndGlobal
